
Microsoft Visual Studio Solution File, Format Version 12.00
# Visual Studio Version 16
VisualStudioVersion = 16.0.30517.126
MinimumVisualStudioVersion = 10.0.40219.1
Project("{FAE04EC0-301F-11D3-BF4B-00C04F79EFBC}") = "Practica_2", "Practica_2\Practica_2.csproj", "{9D35DB6C-7CA1-47B6-A4F7-BA597836A03F}"
EndProject
Project("{FAE04EC0-301F-11D3-BF4B-00C04F79EFBC}") = "Ejercicio_Int", "Ejercicio_Int\Ejercicio_Int.csproj", "{F1ADA007-1020-49E5-BFAD-2654175A12FC}"
EndProject
Global
	GlobalSection(SolutionConfigurationPlatforms) = preSolution
		Debug|Any CPU = Debug|Any CPU
		Release|Any CPU = Release|Any CPU
	EndGlobalSection
	GlobalSection(ProjectConfigurationPlatforms) = postSolution
		{9D35DB6C-7CA1-47B6-A4F7-BA597836A03F}.Debug|Any CPU.ActiveCfg = Debug|Any CPU
		{9D35DB6C-7CA1-47B6-A4F7-BA597836A03F}.Debug|Any CPU.Build.0 = Debug|Any CPU
		{9D35DB6C-7CA1-47B6-A4F7-BA597836A03F}.Release|Any CPU.ActiveCfg = Release|Any CPU
		{9D35DB6C-7CA1-47B6-A4F7-BA597836A03F}.Release|Any CPU.Build.0 = Release|Any CPU
		{F1ADA007-1020-49E5-BFAD-2654175A12FC}.Debug|Any CPU.ActiveCfg = Debug|Any CPU
		{F1ADA007-1020-49E5-BFAD-2654175A12FC}.Debug|Any CPU.Build.0 = Debug|Any CPU
		{F1ADA007-1020-49E5-BFAD-2654175A12FC}.Release|Any CPU.ActiveCfg = Release|Any CPU
		{F1ADA007-1020-49E5-BFAD-2654175A12FC}.Release|Any CPU.Build.0 = Release|Any CPU
	EndGlobalSection
	GlobalSection(SolutionProperties) = preSolution
		HideSolutionNode = FALSE
	EndGlobalSection
	GlobalSection(ExtensibilityGlobals) = postSolution
		SolutionGuid = {D1C50FA4-64A2-4FB7-9A70-03B96DB86A5D}
	EndGlobalSection
EndGlobal
